
Microsoft Visual Studio Solution File, Format Version 12.00
# Visual Studio Version 16
VisualStudioVersion = 16.0.29613.14
MinimumVisualStudioVersion = 10.0.40219.1
Project("{9A19103F-16F7-4668-BE54-9A1E7A4F7556}") = "WordpressAutomationTests", "WordpressAutomationTests\WordpressAutomationTests.csproj", "{1148218A-AE50-4C8A-9B46-23B12F55D627}"
EndProject
Project("{2150E333-8FDC-42A3-9474-1A3956D46DE8}") = "read-me", "read-me", "{77BACA04-FC9C-4432-AAA2-0D915EB2AF55}"
	ProjectSection(SolutionItems) = preProject
		instructions.txt = instructions.txt
		wp-docker-compose.yml = wp-docker-compose.yml
	EndProjectSection
EndProject
Global
	GlobalSection(SolutionConfigurationPlatforms) = preSolution
		Debug|Any CPU = Debug|Any CPU
		Release|Any CPU = Release|Any CPU
	EndGlobalSection
	GlobalSection(ProjectConfigurationPlatforms) = postSolution
		{1148218A-AE50-4C8A-9B46-23B12F55D627}.Debug|Any CPU.ActiveCfg = Debug|Any CPU
		{1148218A-AE50-4C8A-9B46-23B12F55D627}.Debug|Any CPU.Build.0 = Debug|Any CPU
		{1148218A-AE50-4C8A-9B46-23B12F55D627}.Release|Any CPU.ActiveCfg = Release|Any CPU
		{1148218A-AE50-4C8A-9B46-23B12F55D627}.Release|Any CPU.Build.0 = Release|Any CPU
	EndGlobalSection
	GlobalSection(SolutionProperties) = preSolution
		HideSolutionNode = FALSE
	EndGlobalSection
	GlobalSection(ExtensibilityGlobals) = postSolution
		SolutionGuid = {D1A3320F-A0A9-47BF-8F58-3AB43E1CAF8A}
	EndGlobalSection
EndGlobal
